
Microsoft Visual Studio Solution File, Format Version 12.00
# Visual Studio 14
VisualStudioVersion = 14.0.25420.1
MinimumVisualStudioVersion = 10.0.40219.1
Project("{FAE04EC0-301F-11D3-BF4B-00C04F79EFBC}") = "TradeCharm", "TradeCharm\TradeCharm.csproj", "{64DD2E00-F567-4672-9D9E-862F54F19A5E}"
EndProject
Project("{FAE04EC0-301F-11D3-BF4B-00C04F79EFBC}") = "FeedSimulation", "FeedSimulation\FeedSimulation.csproj", "{E2171C05-A3BC-4444-95B7-A1127C7E249F}"
EndProject
Project("{FAE04EC0-301F-11D3-BF4B-00C04F79EFBC}") = "TradeSimulator", "TradeSimulator\TradeSimulator.csproj", "{229579A7-AD00-4197-A188-E95BD74594FE}"
EndProject
Project("{FAE04EC0-301F-11D3-BF4B-00C04F79EFBC}") = "Utility", "Utility\Utility.csproj", "{C9EDBF7F-B316-4201-B1C5-2B75EF801FCE}"
EndProject
Project("{FAE04EC0-301F-11D3-BF4B-00C04F79EFBC}") = "YahooFinance", "YahooFinance\YahooFinance.csproj", "{2D3675B6-F2BF-412C-ABFB-EB22126B5FD8}"
EndProject
Global
	GlobalSection(SolutionConfigurationPlatforms) = preSolution
		Debug|Any CPU = Debug|Any CPU
		Release|Any CPU = Release|Any CPU
	EndGlobalSection
	GlobalSection(ProjectConfigurationPlatforms) = postSolution
		{64DD2E00-F567-4672-9D9E-862F54F19A5E}.Debug|Any CPU.ActiveCfg = Debug|Any CPU
		{64DD2E00-F567-4672-9D9E-862F54F19A5E}.Debug|Any CPU.Build.0 = Debug|Any CPU
		{64DD2E00-F567-4672-9D9E-862F54F19A5E}.Release|Any CPU.ActiveCfg = Release|Any CPU
		{64DD2E00-F567-4672-9D9E-862F54F19A5E}.Release|Any CPU.Build.0 = Release|Any CPU
		{E2171C05-A3BC-4444-95B7-A1127C7E249F}.Debug|Any CPU.ActiveCfg = Debug|Any CPU
		{E2171C05-A3BC-4444-95B7-A1127C7E249F}.Debug|Any CPU.Build.0 = Debug|Any CPU
		{E2171C05-A3BC-4444-95B7-A1127C7E249F}.Release|Any CPU.ActiveCfg = Release|Any CPU
		{E2171C05-A3BC-4444-95B7-A1127C7E249F}.Release|Any CPU.Build.0 = Release|Any CPU
		{229579A7-AD00-4197-A188-E95BD74594FE}.Debug|Any CPU.ActiveCfg = Debug|Any CPU
		{229579A7-AD00-4197-A188-E95BD74594FE}.Debug|Any CPU.Build.0 = Debug|Any CPU
		{229579A7-AD00-4197-A188-E95BD74594FE}.Release|Any CPU.ActiveCfg = Release|Any CPU
		{229579A7-AD00-4197-A188-E95BD74594FE}.Release|Any CPU.Build.0 = Release|Any CPU
		{C9EDBF7F-B316-4201-B1C5-2B75EF801FCE}.Debug|Any CPU.ActiveCfg = Debug|Any CPU
		{C9EDBF7F-B316-4201-B1C5-2B75EF801FCE}.Debug|Any CPU.Build.0 = Debug|Any CPU
		{C9EDBF7F-B316-4201-B1C5-2B75EF801FCE}.Release|Any CPU.ActiveCfg = Release|Any CPU
		{C9EDBF7F-B316-4201-B1C5-2B75EF801FCE}.Release|Any CPU.Build.0 = Release|Any CPU
		{2D3675B6-F2BF-412C-ABFB-EB22126B5FD8}.Debug|Any CPU.ActiveCfg = Debug|Any CPU
		{2D3675B6-F2BF-412C-ABFB-EB22126B5FD8}.Debug|Any CPU.Build.0 = Debug|Any CPU
		{2D3675B6-F2BF-412C-ABFB-EB22126B5FD8}.Release|Any CPU.ActiveCfg = Release|Any CPU
		{2D3675B6-F2BF-412C-ABFB-EB22126B5FD8}.Release|Any CPU.Build.0 = Release|Any CPU
	EndGlobalSection
	GlobalSection(SolutionProperties) = preSolution
		HideSolutionNode = FALSE
	EndGlobalSection
EndGlobal
